
Microsoft Visual Studio Solution File, Format Version 12.00
# Visual Studio Version 17
VisualStudioVersion = 17.14.36414.22
MinimumVisualStudioVersion = 10.0.40219.1
Project("{FAE04EC0-301F-11D3-BF4B-00C04F79EFBC}") = "Car Rental Mangement System", "Car Rental Mangement System\Car Rental Mangement System.csproj", "{FDC98A96-6069-4BEA-B15B-6B472253B671}"
EndProject
Project("{FAE04EC0-301F-11D3-BF4B-00C04F79EFBC}") = "Task 4", "..\Task 4\Task 4\Task 4.csproj", "{A3B16077-D216-6123-CB14-743C6F991F48}"
EndProject
Global
	GlobalSection(SolutionConfigurationPlatforms) = preSolution
		Debug|Any CPU = Debug|Any CPU
		Release|Any CPU = Release|Any CPU
	EndGlobalSection
	GlobalSection(ProjectConfigurationPlatforms) = postSolution
		{FDC98A96-6069-4BEA-B15B-6B472253B671}.Debug|Any CPU.ActiveCfg = Debug|Any CPU
		{FDC98A96-6069-4BEA-B15B-6B472253B671}.Debug|Any CPU.Build.0 = Debug|Any CPU
		{FDC98A96-6069-4BEA-B15B-6B472253B671}.Release|Any CPU.ActiveCfg = Release|Any CPU
		{FDC98A96-6069-4BEA-B15B-6B472253B671}.Release|Any CPU.Build.0 = Release|Any CPU
		{A3B16077-D216-6123-CB14-743C6F991F48}.Debug|Any CPU.ActiveCfg = Debug|Any CPU
		{A3B16077-D216-6123-CB14-743C6F991F48}.Debug|Any CPU.Build.0 = Debug|Any CPU
		{A3B16077-D216-6123-CB14-743C6F991F48}.Release|Any CPU.ActiveCfg = Release|Any CPU
		{A3B16077-D216-6123-CB14-743C6F991F48}.Release|Any CPU.Build.0 = Release|Any CPU
	EndGlobalSection
	GlobalSection(SolutionProperties) = preSolution
		HideSolutionNode = FALSE
	EndGlobalSection
	GlobalSection(ExtensibilityGlobals) = postSolution
		SolutionGuid = {FF7F9C50-4C94-40F6-B38F-D64362E8091F}
	EndGlobalSection
EndGlobal
